// !$*UTF8*$!
{
	archiveVersion = 1;
	classes = {
	};
	objectVersion = 50;
	objects = {

/* Begin PBXBuildFile section */
		46050A40236981B40073A85F /* common_defs.cpp in Sources */ = {isa = PBXBuildFile; fileRef = 46050A3C236981B40073A85F /* common_defs.cpp */; };
		46050A41236981B40073A85F /* common_defs.cpp in Sources */ = {isa = PBXBuildFile; fileRef = 46050A3C236981B40073A85F /* common_defs.cpp */; };
		46050A44236981B40073A85F /* frequency_divider.cpp in Sources */ = {isa = PBXBuildFile; fileRef = 46050A3F236981B40073A85F /* frequency_divider.cpp */; };
		46050A45236981B40073A85F /* frequency_divider.cpp in Sources */ = {isa = PBXBuildFile; fileRef = 46050A3F236981B40073A85F /* frequency_divider.cpp */; };
		46050A482369822B0073A85F /* cia.cpp in Sources */ = {isa = PBXBuildFile; fileRef = 46050A462369822B0073A85F /* cia.cpp */; };
		46050A492369822B0073A85F /* cia.cpp in Sources */ = {isa = PBXBuildFile; fileRef = 46050A462369822B0073A85F /* cia.cpp */; };
		46050A502369837B0073A85F /* kernel.cpp in Sources */ = {isa = PBXBuildFile; fileRef = 46050A4F2369837B0073A85F /* kernel.cpp */; };
		46050A6A236983B40073A85F /* wave8580_PS_.cc in Sources */ = {isa = PBXBuildFile; fileRef = 46050A52236983B30073A85F /* wave8580_PS_.cc */; };
		46050A6B236983B40073A85F /* wave8580_PS_.cc in Sources */ = {isa = PBXBuildFile; fileRef = 46050A52236983B30073A85F /* wave8580_PS_.cc */; };
		46050A6C236983B40073A85F /* voice.cc in Sources */ = {isa = PBXBuildFile; fileRef = 46050A54236983B30073A85F /* voice.cc */; };
		46050A6D236983B40073A85F /* voice.cc in Sources */ = {isa = PBXBuildFile; fileRef = 46050A54236983B30073A85F /* voice.cc */; };
		46050A6E236983B40073A85F /* wave6581_PST.cc in Sources */ = {isa = PBXBuildFile; fileRef = 46050A55236983B30073A85F /* wave6581_PST.cc */; };
		46050A6F236983B40073A85F /* wave6581_PST.cc in Sources */ = {isa = PBXBuildFile; fileRef = 46050A55236983B30073A85F /* wave6581_PST.cc */; };
		46050A70236983B40073A85F /* filter.cc in Sources */ = {isa = PBXBuildFile; fileRef = 46050A56236983B30073A85F /* filter.cc */; };
		46050A71236983B40073A85F /* filter.cc in Sources */ = {isa = PBXBuildFile; fileRef = 46050A56236983B30073A85F /* filter.cc */; };
		46050A72236983B40073A85F /* wave.cc in Sources */ = {isa = PBXBuildFile; fileRef = 46050A57236983B30073A85F /* wave.cc */; };
		46050A73236983B40073A85F /* wave.cc in Sources */ = {isa = PBXBuildFile; fileRef = 46050A57236983B30073A85F /* wave.cc */; };
		46050A74236983B40073A85F /* wave6581_P_T.cc in Sources */ = {isa = PBXBuildFile; fileRef = 46050A58236983B30073A85F /* wave6581_P_T.cc */; };
		46050A75236983B40073A85F /* wave6581_P_T.cc in Sources */ = {isa = PBXBuildFile; fileRef = 46050A58236983B30073A85F /* wave6581_P_T.cc */; };
		46050A76236983B40073A85F /* wave8580_PST.cc in Sources */ = {isa = PBXBuildFile; fileRef = 46050A5A236983B30073A85F /* wave8580_PST.cc */; };
		46050A77236983B40073A85F /* wave8580_PST.cc in Sources */ = {isa = PBXBuildFile; fileRef = 46050A5A236983B30073A85F /* wave8580_PST.cc */; };
		46050A78236983B40073A85F /* wave6581_PS_.cc in Sources */ = {isa = PBXBuildFile; fileRef = 46050A5B236983B30073A85F /* wave6581_PS_.cc */; };
		46050A79236983B40073A85F /* wave6581_PS_.cc in Sources */ = {isa = PBXBuildFile; fileRef = 46050A5B236983B30073A85F /* wave6581_PS_.cc */; };
		46050A7A236983B40073A85F /* envelope.cc in Sources */ = {isa = PBXBuildFile; fileRef = 46050A5C236983B30073A85F /* envelope.cc */; };
		46050A7B236983B40073A85F /* envelope.cc in Sources */ = {isa = PBXBuildFile; fileRef = 46050A5C236983B30073A85F /* envelope.cc */; };
		46050A7C236983B40073A85F /* extfilt.cc in Sources */ = {isa = PBXBuildFile; fileRef = 46050A5E236983B30073A85F /* extfilt.cc */; };
		46050A7D236983B40073A85F /* extfilt.cc in Sources */ = {isa = PBXBuildFile; fileRef = 46050A5E236983B30073A85F /* extfilt.cc */; };
		46050A7E236983B40073A85F /* wave8580__ST.cc in Sources */ = {isa = PBXBuildFile; fileRef = 46050A5F236983B30073A85F /* wave8580__ST.cc */; };
		46050A7F236983B40073A85F /* wave8580__ST.cc in Sources */ = {isa = PBXBuildFile; fileRef = 46050A5F236983B30073A85F /* wave8580__ST.cc */; };
		46050A80236983B40073A85F /* wave6581__ST.cc in Sources */ = {isa = PBXBuildFile; fileRef = 46050A63236983B40073A85F /* wave6581__ST.cc */; };
		46050A81236983B40073A85F /* wave6581__ST.cc in Sources */ = {isa = PBXBuildFile; fileRef = 46050A63236983B40073A85F /* wave6581__ST.cc */; };
		46050A82236983B40073A85F /* wave8580_P_T.cc in Sources */ = {isa = PBXBuildFile; fileRef = 46050A64236983B40073A85F /* wave8580_P_T.cc */; };
		46050A83236983B40073A85F /* wave8580_P_T.cc in Sources */ = {isa = PBXBuildFile; fileRef = 46050A64236983B40073A85F /* wave8580_P_T.cc */; };
		46050A84236983B40073A85F /* pot.cc in Sources */ = {isa = PBXBuildFile; fileRef = 46050A66236983B40073A85F /* pot.cc */; };
		46050A85236983B40073A85F /* pot.cc in Sources */ = {isa = PBXBuildFile; fileRef = 46050A66236983B40073A85F /* pot.cc */; };
		46050A86236983B40073A85F /* sid.cc in Sources */ = {isa = PBXBuildFile; fileRef = 46050A67236983B40073A85F /* sid.cc */; };
		46050A87236983B40073A85F /* sid.cc in Sources */ = {isa = PBXBuildFile; fileRef = 46050A67236983B40073A85F /* sid.cc */; };
		46050A88236983B40073A85F /* version.cc in Sources */ = {isa = PBXBuildFile; fileRef = 46050A69236983B40073A85F /* version.cc */; };
		46050A89236983B40073A85F /* version.cc in Sources */ = {isa = PBXBuildFile; fileRef = 46050A69236983B40073A85F /* version.cc */; };
		46050A8C236983CD0073A85F /* sound.cpp in Sources */ = {isa = PBXBuildFile; fileRef = 46050A8A236983CD0073A85F /* sound.cpp */; };
		46050A8D236983CD0073A85F /* sound.cpp in Sources */ = {isa = PBXBuildFile; fileRef = 46050A8A236983CD0073A85F /* sound.cpp */; };
		46050A90236983E80073A85F /* timer.cpp in Sources */ = {isa = PBXBuildFile; fileRef = 46050A8E236983E80073A85F /* timer.cpp */; };
		46050A91236983E80073A85F /* timer.cpp in Sources */ = {isa = PBXBuildFile; fileRef = 46050A8E236983E80073A85F /* timer.cpp */; };
		46050A94236984060073A85F /* vicv.cpp in Sources */ = {isa = PBXBuildFile; fileRef = 46050A93236984060073A85F /* vicv.cpp */; };
		46050A95236984060073A85F /* vicv.cpp in Sources */ = {isa = PBXBuildFile; fileRef = 46050A93236984060073A85F /* vicv.cpp */; };
		46050A9C236984270073A85F /* sdl2.cpp in Sources */ = {isa = PBXBuildFile; fileRef = 46050A97236984270073A85F /* sdl2.cpp */; };
		46050A9D236984270073A85F /* sdl2.cpp in Sources */ = {isa = PBXBuildFile; fileRef = 46050A97236984270073A85F /* sdl2.cpp */; };
		46130D7923814A9100FAE3F4 /* TTL74LS148.cpp in Sources */ = {isa = PBXBuildFile; fileRef = 46130D7723814A9100FAE3F4 /* TTL74LS148.cpp */; };
		46513B7723C91D4300B6E8D4 /* m68kcpu.c in Sources */ = {isa = PBXBuildFile; fileRef = 46513B6D23C91D4200B6E8D4 /* m68kcpu.c */; };
		46513B7823C91D4300B6E8D4 /* m68kopnz.c in Sources */ = {isa = PBXBuildFile; fileRef = 46513B6E23C91D4200B6E8D4 /* m68kopnz.c */; };
		46513B7923C91D4300B6E8D4 /* m68kops.c in Sources */ = {isa = PBXBuildFile; fileRef = 46513B6F23C91D4200B6E8D4 /* m68kops.c */; };
		46513B7A23C91D4300B6E8D4 /* m68kdasm.c in Sources */ = {isa = PBXBuildFile; fileRef = 46513B7023C91D4200B6E8D4 /* m68kdasm.c */; };
		46513B7B23C91D4300B6E8D4 /* m68kopac.c in Sources */ = {isa = PBXBuildFile; fileRef = 46513B7123C91D4200B6E8D4 /* m68kopac.c */; };
		46513B7C23C91D4300B6E8D4 /* m68kopdm.c in Sources */ = {isa = PBXBuildFile; fileRef = 46513B7623C91D4300B6E8D4 /* m68kopdm.c */; };
		466646AB237219D9008885D2 /* machine_E64_II.cpp in Sources */ = {isa = PBXBuildFile; fileRef = 466646A9237219D9008885D2 /* machine_E64_II.cpp */; };
		4666C62F23760A6B00458CD7 /* cpu_mmu_bridge.cpp in Sources */ = {isa = PBXBuildFile; fileRef = 4666C62E23760A6B00458CD7 /* cpu_mmu_bridge.cpp */; };
		46723D332365E397007ADDC2 /* SN74LS612.cpp in Sources */ = {isa = PBXBuildFile; fileRef = 46723D2F2365E397007ADDC2 /* SN74LS612.cpp */; };
		46723D342365E397007ADDC2 /* mmu_E64_I.cpp in Sources */ = {isa = PBXBuildFile; fileRef = 46723D312365E397007ADDC2 /* mmu_E64_I.cpp */; };
		46723D392365E3DB007ADDC2 /* csg65ce02.c in Sources */ = {isa = PBXBuildFile; fileRef = 46723D362365E3DB007ADDC2 /* csg65ce02.c */; };
		46723D3A2365E3DB007ADDC2 /* csg65ce02_dasm.c in Sources */ = {isa = PBXBuildFile; fileRef = 46723D372365E3DB007ADDC2 /* csg65ce02_dasm.c */; };
		46723D3D2365E428007ADDC2 /* exception_collector.cpp in Sources */ = {isa = PBXBuildFile; fileRef = 46723D3C2365E428007ADDC2 /* exception_collector.cpp */; };
		46757FB2236EF6A1000F0110 /* pid_delay.cpp in Sources */ = {isa = PBXBuildFile; fileRef = 46757FB0236EF6A1000F0110 /* pid_delay.cpp */; };
		46757FB3236EF6A1000F0110 /* pid_delay.cpp in Sources */ = {isa = PBXBuildFile; fileRef = 46757FB0236EF6A1000F0110 /* pid_delay.cpp */; };
		468022F52376D46E00F59C91 /* cpu_mmu_bridge.cpp in Sources */ = {isa = PBXBuildFile; fileRef = 468022F42376D46E00F59C91 /* cpu_mmu_bridge.cpp */; };
		468022F92376DB8E00F59C91 /* patched_char_rom.cpp in Sources */ = {isa = PBXBuildFile; fileRef = 46C069E823699BA600B1DCB4 /* patched_char_rom.cpp */; };
		468022FF2376E1FB00F59C91 /* debug_command_E64_II.cpp in Sources */ = {isa = PBXBuildFile; fileRef = 468022FB2376E1FB00F59C91 /* debug_command_E64_II.cpp */; };
		468023002376E1FB00F59C91 /* debug_status_bar_E64_II.cpp in Sources */ = {isa = PBXBuildFile; fileRef = 468022FD2376E1FB00F59C91 /* debug_status_bar_E64_II.cpp */; };
		469BDFF4231D9FEC00868BBE /* SDL2.framework in Resources */ = {isa = PBXBuildFile; fileRef = 469BDFF3231D9FEC00868BBE /* SDL2.framework */; };
		469BDFF5231DA03400868BBE /* SDL2.framework in Frameworks */ = {isa = PBXBuildFile; fileRef = 469BDFF3231D9FEC00868BBE /* SDL2.framework */; };
		469DBF33237D90D8005DAD03 /* kernel.cpp in Sources */ = {isa = PBXBuildFile; fileRef = 469DBF32237D90D8005DAD03 /* kernel.cpp */; };
		469EBBE0234FB36B00028136 /* SDL2.framework in Frameworks */ = {isa = PBXBuildFile; fileRef = 469BDFF3231D9FEC00868BBE /* SDL2.framework */; };
		469EBBE2234FB36B00028136 /* Assets.xcassets in Resources */ = {isa = PBXBuildFile; fileRef = 46A1F87D231D721A003982FA /* Assets.xcassets */; };
		469EBBE3234FB36B00028136 /* SDL2.framework in Resources */ = {isa = PBXBuildFile; fileRef = 469BDFF3231D9FEC00868BBE /* SDL2.framework */; };
		46A1F87E231D721A003982FA /* Assets.xcassets in Resources */ = {isa = PBXBuildFile; fileRef = 46A1F87D231D721A003982FA /* Assets.xcassets */; };
		46AB7607236DA7DC00AF2F14 /* cpu_m68k.cpp in Sources */ = {isa = PBXBuildFile; fileRef = 46AB7606236DA7DC00AF2F14 /* cpu_m68k.cpp */; };
		46B7F6F4236F5A79006D4714 /* machine_E64_I.cpp in Sources */ = {isa = PBXBuildFile; fileRef = 46B7F6F2236F5A79006D4714 /* machine_E64_I.cpp */; };
		46C069E923699BA600B1DCB4 /* patched_char_rom.cpp in Sources */ = {isa = PBXBuildFile; fileRef = 46C069E823699BA600B1DCB4 /* patched_char_rom.cpp */; };
		46C17B5823761518008DBF9E /* mmu_E64_II.cpp in Sources */ = {isa = PBXBuildFile; fileRef = 46C17B5623761518008DBF9E /* mmu_E64_II.cpp */; };
		46CE158C2374B15D00369A13 /* debug_screen.cpp in Sources */ = {isa = PBXBuildFile; fileRef = 46CE15882374B15D00369A13 /* debug_screen.cpp */; };
		46CE158D2374B15D00369A13 /* debug_screen.cpp in Sources */ = {isa = PBXBuildFile; fileRef = 46CE15882374B15D00369A13 /* debug_screen.cpp */; };
		46CE158E2374B15D00369A13 /* debug_console.cpp in Sources */ = {isa = PBXBuildFile; fileRef = 46CE15892374B15D00369A13 /* debug_console.cpp */; };
		46CE158F2374B15D00369A13 /* debug_console.cpp in Sources */ = {isa = PBXBuildFile; fileRef = 46CE15892374B15D00369A13 /* debug_console.cpp */; };
		46CE15942374B17E00369A13 /* debug_command_E64_I.cpp in Sources */ = {isa = PBXBuildFile; fileRef = 46CE15902374B17E00369A13 /* debug_command_E64_I.cpp */; };
		46CE15952374B17E00369A13 /* debug_status_bar_E64_I.cpp in Sources */ = {isa = PBXBuildFile; fileRef = 46CE15922374B17E00369A13 /* debug_status_bar_E64_I.cpp */; };
		46D0E6B023663B8100F32578 /* main.cpp in Sources */ = {isa = PBXBuildFile; fileRef = 46D0E6AF23663B8100F32578 /* main.cpp */; };
		46D0E6B223663BC000F32578 /* main.cpp in Sources */ = {isa = PBXBuildFile; fileRef = 46D0E6B123663BC000F32578 /* main.cpp */; };
/* End PBXBuildFile section */

/* Begin PBXFileReference section */
		46050A3B236981B40073A85F /* frequency_divider.hpp */ = {isa = PBXFileReference; fileEncoding = 4; lastKnownFileType = sourcecode.cpp.h; name = frequency_divider.hpp; path = ../../../src/shared/frequency_divider.hpp; sourceTree = "<group>"; };
		46050A3C236981B40073A85F /* common_defs.cpp */ = {isa = PBXFileReference; fileEncoding = 4; lastKnownFileType = sourcecode.cpp.cpp; name = common_defs.cpp; path = ../../../src/shared/common_defs.cpp; sourceTree = "<group>"; };
		46050A3D236981B40073A85F /* common_defs.hpp */ = {isa = PBXFileReference; fileEncoding = 4; lastKnownFileType = sourcecode.cpp.h; name = common_defs.hpp; path = ../../../src/shared/common_defs.hpp; sourceTree = "<group>"; };
		46050A3F236981B40073A85F /* frequency_divider.cpp */ = {isa = PBXFileReference; fileEncoding = 4; lastKnownFileType = sourcecode.cpp.cpp; name = frequency_divider.cpp; path = ../../../src/shared/frequency_divider.cpp; sourceTree = "<group>"; };
		46050A462369822B0073A85F /* cia.cpp */ = {isa = PBXFileReference; fileEncoding = 4; lastKnownFileType = sourcecode.cpp.cpp; name = cia.cpp; path = ../../../src/shared/devices/cia/cia.cpp; sourceTree = "<group>"; };
		46050A472369822B0073A85F /* cia.hpp */ = {isa = PBXFileReference; fileEncoding = 4; lastKnownFileType = sourcecode.cpp.h; name = cia.hpp; path = ../../../src/shared/devices/cia/cia.hpp; sourceTree = "<group>"; };
		46050A4F2369837B0073A85F /* kernel.cpp */ = {isa = PBXFileReference; fileEncoding = 4; lastKnownFileType = sourcecode.cpp.cpp; name = kernel.cpp; path = "../../../src/E64-I/devices/rom/kernel/kernel.cpp"; sourceTree = "<group>"; };
		46050A51236983B30073A85F /* pot.h */ = {isa = PBXFileReference; fileEncoding = 4; lastKnownFileType = sourcecode.c.h; name = pot.h; path = "../../../src/shared/devices/sound/resid-0.16/pot.h"; sourceTree = "<group>"; };
		46050A52236983B30073A85F /* wave8580_PS_.cc */ = {isa = PBXFileReference; fileEncoding = 4; lastKnownFileType = sourcecode.cpp.cpp; name = wave8580_PS_.cc; path = "../../../src/shared/devices/sound/resid-0.16/wave8580_PS_.cc"; sourceTree = "<group>"; };
		46050A53236983B30073A85F /* envelope.h */ = {isa = PBXFileReference; fileEncoding = 4; lastKnownFileType = sourcecode.c.h; name = envelope.h; path = "../../../src/shared/devices/sound/resid-0.16/envelope.h"; sourceTree = "<group>"; };
		46050A54236983B30073A85F /* voice.cc */ = {isa = PBXFileReference; fileEncoding = 4; lastKnownFileType = sourcecode.cpp.cpp; name = voice.cc; path = "../../../src/shared/devices/sound/resid-0.16/voice.cc"; sourceTree = "<group>"; };
		46050A55236983B30073A85F /* wave6581_PST.cc */ = {isa = PBXFileReference; fileEncoding = 4; lastKnownFileType = sourcecode.cpp.cpp; name = wave6581_PST.cc; path = "../../../src/shared/devices/sound/resid-0.16/wave6581_PST.cc"; sourceTree = "<group>"; };
		46050A56236983B30073A85F /* filter.cc */ = {isa = PBXFileReference; fileEncoding = 4; lastKnownFileType = sourcecode.cpp.cpp; name = filter.cc; path = "../../../src/shared/devices/sound/resid-0.16/filter.cc"; sourceTree = "<group>"; };
		46050A57236983B30073A85F /* wave.cc */ = {isa = PBXFileReference; fileEncoding = 4; lastKnownFileType = sourcecode.cpp.cpp; name = wave.cc; path = "../../../src/shared/devices/sound/resid-0.16/wave.cc"; sourceTree = "<group>"; };
		46050A58236983B30073A85F /* wave6581_P_T.cc */ = {isa = PBXFileReference; fileEncoding = 4; lastKnownFileType = sourcecode.cpp.cpp; name = wave6581_P_T.cc; path = "../../../src/shared/devices/sound/resid-0.16/wave6581_P_T.cc"; sourceTree = "<group>"; };
		46050A59236983B30073A85F /* siddefs.h */ = {isa = PBXFileReference; fileEncoding = 4; lastKnownFileType = sourcecode.c.h; name = siddefs.h; path = "../../../src/shared/devices/sound/resid-0.16/siddefs.h"; sourceTree = "<group>"; };
		46050A5A236983B30073A85F /* wave8580_PST.cc */ = {isa = PBXFileReference; fileEncoding = 4; lastKnownFileType = sourcecode.cpp.cpp; name = wave8580_PST.cc; path = "../../../src/shared/devices/sound/resid-0.16/wave8580_PST.cc"; sourceTree = "<group>"; };
		46050A5B236983B30073A85F /* wave6581_PS_.cc */ = {isa = PBXFileReference; fileEncoding = 4; lastKnownFileType = sourcecode.cpp.cpp; name = wave6581_PS_.cc; path = "../../../src/shared/devices/sound/resid-0.16/wave6581_PS_.cc"; sourceTree = "<group>"; };
		46050A5C236983B30073A85F /* envelope.cc */ = {isa = PBXFileReference; fileEncoding = 4; lastKnownFileType = sourcecode.cpp.cpp; name = envelope.cc; path = "../../../src/shared/devices/sound/resid-0.16/envelope.cc"; sourceTree = "<group>"; };
		46050A5D236983B30073A85F /* sid.h */ = {isa = PBXFileReference; fileEncoding = 4; lastKnownFileType = sourcecode.c.h; name = sid.h; path = "../../../src/shared/devices/sound/resid-0.16/sid.h"; sourceTree = "<group>"; };
		46050A5E236983B30073A85F /* extfilt.cc */ = {isa = PBXFileReference; fileEncoding = 4; lastKnownFileType = sourcecode.cpp.cpp; name = extfilt.cc; path = "../../../src/shared/devices/sound/resid-0.16/extfilt.cc"; sourceTree = "<group>"; };
		46050A5F236983B30073A85F /* wave8580__ST.cc */ = {isa = PBXFileReference; fileEncoding = 4; lastKnownFileType = sourcecode.cpp.cpp; name = wave8580__ST.cc; path = "../../../src/shared/devices/sound/resid-0.16/wave8580__ST.cc"; sourceTree = "<group>"; };
		46050A60236983B40073A85F /* extfilt.h */ = {isa = PBXFileReference; fileEncoding = 4; lastKnownFileType = sourcecode.c.h; name = extfilt.h; path = "../../../src/shared/devices/sound/resid-0.16/extfilt.h"; sourceTree = "<group>"; };
		46050A61236983B40073A85F /* wave.h */ = {isa = PBXFileReference; fileEncoding = 4; lastKnownFileType = sourcecode.c.h; name = wave.h; path = "../../../src/shared/devices/sound/resid-0.16/wave.h"; sourceTree = "<group>"; };
		46050A62236983B40073A85F /* voice.h */ = {isa = PBXFileReference; fileEncoding = 4; lastKnownFileType = sourcecode.c.h; name = voice.h; path = "../../../src/shared/devices/sound/resid-0.16/voice.h"; sourceTree = "<group>"; };
		46050A63236983B40073A85F /* wave6581__ST.cc */ = {isa = PBXFileReference; fileEncoding = 4; lastKnownFileType = sourcecode.cpp.cpp; name = wave6581__ST.cc; path = "../../../src/shared/devices/sound/resid-0.16/wave6581__ST.cc"; sourceTree = "<group>"; };
		46050A64236983B40073A85F /* wave8580_P_T.cc */ = {isa = PBXFileReference; fileEncoding = 4; lastKnownFileType = sourcecode.cpp.cpp; name = wave8580_P_T.cc; path = "../../../src/shared/devices/sound/resid-0.16/wave8580_P_T.cc"; sourceTree = "<group>"; };
		46050A65236983B40073A85F /* filter.h */ = {isa = PBXFileReference; fileEncoding = 4; lastKnownFileType = sourcecode.c.h; name = filter.h; path = "../../../src/shared/devices/sound/resid-0.16/filter.h"; sourceTree = "<group>"; };
		46050A66236983B40073A85F /* pot.cc */ = {isa = PBXFileReference; fileEncoding = 4; lastKnownFileType = sourcecode.cpp.cpp; name = pot.cc; path = "../../../src/shared/devices/sound/resid-0.16/pot.cc"; sourceTree = "<group>"; };
		46050A67236983B40073A85F /* sid.cc */ = {isa = PBXFileReference; fileEncoding = 4; lastKnownFileType = sourcecode.cpp.cpp; name = sid.cc; path = "../../../src/shared/devices/sound/resid-0.16/sid.cc"; sourceTree = "<group>"; };
		46050A68236983B40073A85F /* spline.h */ = {isa = PBXFileReference; fileEncoding = 4; lastKnownFileType = sourcecode.c.h; name = spline.h; path = "../../../src/shared/devices/sound/resid-0.16/spline.h"; sourceTree = "<group>"; };
		46050A69236983B40073A85F /* version.cc */ = {isa = PBXFileReference; fileEncoding = 4; lastKnownFileType = sourcecode.cpp.cpp; name = version.cc; path = "../../../src/shared/devices/sound/resid-0.16/version.cc"; sourceTree = "<group>"; };
		46050A8A236983CD0073A85F /* sound.cpp */ = {isa = PBXFileReference; fileEncoding = 4; lastKnownFileType = sourcecode.cpp.cpp; name = sound.cpp; path = ../../../src/shared/devices/sound/sound.cpp; sourceTree = "<group>"; };
		46050A8B236983CD0073A85F /* sound.hpp */ = {isa = PBXFileReference; fileEncoding = 4; lastKnownFileType = sourcecode.cpp.h; name = sound.hpp; path = ../../../src/shared/devices/sound/sound.hpp; sourceTree = "<group>"; };
		46050A8E236983E80073A85F /* timer.cpp */ = {isa = PBXFileReference; fileEncoding = 4; lastKnownFileType = sourcecode.cpp.cpp; name = timer.cpp; path = ../../../src/shared/devices/timer/timer.cpp; sourceTree = "<group>"; };
		46050A8F236983E80073A85F /* timer.hpp */ = {isa = PBXFileReference; fileEncoding = 4; lastKnownFileType = sourcecode.cpp.h; name = timer.hpp; path = ../../../src/shared/devices/timer/timer.hpp; sourceTree = "<group>"; };
		46050A92236984060073A85F /* vicv.hpp */ = {isa = PBXFileReference; fileEncoding = 4; lastKnownFileType = sourcecode.cpp.h; name = vicv.hpp; path = ../../../src/shared/devices/vicv/vicv.hpp; sourceTree = "<group>"; };
		46050A93236984060073A85F /* vicv.cpp */ = {isa = PBXFileReference; fileEncoding = 4; lastKnownFileType = sourcecode.cpp.cpp; name = vicv.cpp; path = ../../../src/shared/devices/vicv/vicv.cpp; sourceTree = "<group>"; };
		46050A97236984270073A85F /* sdl2.cpp */ = {isa = PBXFileReference; fileEncoding = 4; lastKnownFileType = sourcecode.cpp.cpp; name = sdl2.cpp; path = ../../../src/shared/sdl2/sdl2.cpp; sourceTree = "<group>"; };
		46050A99236984270073A85F /* sdl2.hpp */ = {isa = PBXFileReference; fileEncoding = 4; lastKnownFileType = sourcecode.cpp.h; name = sdl2.hpp; path = ../../../src/shared/sdl2/sdl2.hpp; sourceTree = "<group>"; };
		46130D7723814A9100FAE3F4 /* TTL74LS148.cpp */ = {isa = PBXFileReference; fileEncoding = 4; lastKnownFileType = sourcecode.cpp.cpp; name = TTL74LS148.cpp; path = "../../../src/E64-II/devices/TTL74LS148/TTL74LS148.cpp"; sourceTree = "<group>"; };
		46130D7823814A9100FAE3F4 /* TTL74LS148.hpp */ = {isa = PBXFileReference; fileEncoding = 4; lastKnownFileType = sourcecode.cpp.h; name = TTL74LS148.hpp; path = "../../../src/E64-II/devices/TTL74LS148/TTL74LS148.hpp"; sourceTree = "<group>"; };
		46241B11232444A000569490 /* log.txt */ = {isa = PBXFileReference; lastKnownFileType = text; name = log.txt; path = ../../../log.txt; sourceTree = "<group>"; };
		46513B6D23C91D4200B6E8D4 /* m68kcpu.c */ = {isa = PBXFileReference; fileEncoding = 4; lastKnownFileType = sourcecode.c.c; name = m68kcpu.c; path = "../../../src/E64-II/devices/cpu/Musashi/m68kcpu.c"; sourceTree = "<group>"; };
		46513B6E23C91D4200B6E8D4 /* m68kopnz.c */ = {isa = PBXFileReference; fileEncoding = 4; lastKnownFileType = sourcecode.c.c; name = m68kopnz.c; path = "../../../src/E64-II/devices/cpu/Musashi/m68kopnz.c"; sourceTree = "<group>"; };
		46513B6F23C91D4200B6E8D4 /* m68kops.c */ = {isa = PBXFileReference; fileEncoding = 4; lastKnownFileType = sourcecode.c.c; name = m68kops.c; path = "../../../src/E64-II/devices/cpu/Musashi/m68kops.c"; sourceTree = "<group>"; };
		46513B7023C91D4200B6E8D4 /* m68kdasm.c */ = {isa = PBXFileReference; fileEncoding = 4; lastKnownFileType = sourcecode.c.c; name = m68kdasm.c; path = "../../../src/E64-II/devices/cpu/Musashi/m68kdasm.c"; sourceTree = "<group>"; };
		46513B7123C91D4200B6E8D4 /* m68kopac.c */ = {isa = PBXFileReference; fileEncoding = 4; lastKnownFileType = sourcecode.c.c; name = m68kopac.c; path = "../../../src/E64-II/devices/cpu/Musashi/m68kopac.c"; sourceTree = "<group>"; };
		46513B7223C91D4200B6E8D4 /* m68kcpu.h */ = {isa = PBXFileReference; fileEncoding = 4; lastKnownFileType = sourcecode.c.h; name = m68kcpu.h; path = "../../../src/E64-II/devices/cpu/Musashi/m68kcpu.h"; sourceTree = "<group>"; };
		46513B7323C91D4200B6E8D4 /* m68k.h */ = {isa = PBXFileReference; fileEncoding = 4; lastKnownFileType = sourcecode.c.h; name = m68k.h; path = "../../../src/E64-II/devices/cpu/Musashi/m68k.h"; sourceTree = "<group>"; };
		46513B7423C91D4200B6E8D4 /* m68kops.h */ = {isa = PBXFileReference; fileEncoding = 4; lastKnownFileType = sourcecode.c.h; name = m68kops.h; path = "../../../src/E64-II/devices/cpu/Musashi/m68kops.h"; sourceTree = "<group>"; };
		46513B7523C91D4300B6E8D4 /* m68kconf.h */ = {isa = PBXFileReference; fileEncoding = 4; lastKnownFileType = sourcecode.c.h; name = m68kconf.h; path = "../../../src/E64-II/devices/cpu/Musashi/m68kconf.h"; sourceTree = "<group>"; };
		46513B7623C91D4300B6E8D4 /* m68kopdm.c */ = {isa = PBXFileReference; fileEncoding = 4; lastKnownFileType = sourcecode.c.c; name = m68kopdm.c; path = "../../../src/E64-II/devices/cpu/Musashi/m68kopdm.c"; sourceTree = "<group>"; };
		466646A9237219D9008885D2 /* machine_E64_II.cpp */ = {isa = PBXFileReference; fileEncoding = 4; lastKnownFileType = sourcecode.cpp.cpp; name = machine_E64_II.cpp; path = "../../../src/E64-II/machine_E64_II.cpp"; sourceTree = "<group>"; };
		466646AA237219D9008885D2 /* machine_E64_II.hpp */ = {isa = PBXFileReference; fileEncoding = 4; lastKnownFileType = sourcecode.cpp.h; name = machine_E64_II.hpp; path = "../../../src/E64-II/machine_E64_II.hpp"; sourceTree = "<group>"; };
		4666C62E23760A6B00458CD7 /* cpu_mmu_bridge.cpp */ = {isa = PBXFileReference; fileEncoding = 4; lastKnownFileType = sourcecode.cpp.cpp; name = cpu_mmu_bridge.cpp; path = "../../../src/E64-I/devices/cpu/cpu_mmu_bridge.cpp"; sourceTree = "<group>"; };
		46723D2F2365E397007ADDC2 /* SN74LS612.cpp */ = {isa = PBXFileReference; fileEncoding = 4; lastKnownFileType = sourcecode.cpp.cpp; name = SN74LS612.cpp; path = "../../../src/E64-I/devices/mmu/SN74LS612.cpp"; sourceTree = "<group>"; };
		46723D302365E397007ADDC2 /* SN74LS612.hpp */ = {isa = PBXFileReference; fileEncoding = 4; lastKnownFileType = sourcecode.cpp.h; name = SN74LS612.hpp; path = "../../../src/E64-I/devices/mmu/SN74LS612.hpp"; sourceTree = "<group>"; };
		46723D312365E397007ADDC2 /* mmu_E64_I.cpp */ = {isa = PBXFileReference; fileEncoding = 4; lastKnownFileType = sourcecode.cpp.cpp; name = mmu_E64_I.cpp; path = "../../../src/E64-I/devices/mmu/mmu_E64_I.cpp"; sourceTree = "<group>"; };
		46723D322365E397007ADDC2 /* mmu_E64_I.hpp */ = {isa = PBXFileReference; fileEncoding = 4; lastKnownFileType = sourcecode.cpp.h; name = mmu_E64_I.hpp; path = "../../../src/E64-I/devices/mmu/mmu_E64_I.hpp"; sourceTree = "<group>"; };
		46723D352365E3DB007ADDC2 /* csg65ce02.h */ = {isa = PBXFileReference; fileEncoding = 4; lastKnownFileType = sourcecode.c.h; name = csg65ce02.h; path = "../../../src/E64-I/devices/cpu/csg65ce02.h"; sourceTree = "<group>"; };
		46723D362365E3DB007ADDC2 /* csg65ce02.c */ = {isa = PBXFileReference; fileEncoding = 4; lastKnownFileType = sourcecode.c.c; name = csg65ce02.c; path = "../../../src/E64-I/devices/cpu/csg65ce02.c"; sourceTree = "<group>"; };
		46723D372365E3DB007ADDC2 /* csg65ce02_dasm.c */ = {isa = PBXFileReference; fileEncoding = 4; lastKnownFileType = sourcecode.c.c; name = csg65ce02_dasm.c; path = "../../../src/E64-I/devices/cpu/csg65ce02_dasm.c"; sourceTree = "<group>"; };
		46723D382365E3DB007ADDC2 /* csg65ce02_dasm.h */ = {isa = PBXFileReference; fileEncoding = 4; lastKnownFileType = sourcecode.c.h; name = csg65ce02_dasm.h; path = "../../../src/E64-I/devices/cpu/csg65ce02_dasm.h"; sourceTree = "<group>"; };
		46723D3B2365E428007ADDC2 /* exception_collector.hpp */ = {isa = PBXFileReference; fileEncoding = 4; lastKnownFileType = sourcecode.cpp.h; name = exception_collector.hpp; path = "../../../src/E64-I/devices/cpu/exception_collector.hpp"; sourceTree = "<group>"; };
		46723D3C2365E428007ADDC2 /* exception_collector.cpp */ = {isa = PBXFileReference; fileEncoding = 4; lastKnownFileType = sourcecode.cpp.cpp; name = exception_collector.cpp; path = "../../../src/E64-I/devices/cpu/exception_collector.cpp"; sourceTree = "<group>"; };
		46757FB0236EF6A1000F0110 /* pid_delay.cpp */ = {isa = PBXFileReference; fileEncoding = 4; lastKnownFileType = sourcecode.cpp.cpp; name = pid_delay.cpp; path = ../../../src/shared/pid_delay.cpp; sourceTree = "<group>"; };
		46757FB1236EF6A1000F0110 /* pid_delay.hpp */ = {isa = PBXFileReference; fileEncoding = 4; lastKnownFileType = sourcecode.cpp.h; name = pid_delay.hpp; path = ../../../src/shared/pid_delay.hpp; sourceTree = "<group>"; };
		468022F42376D46E00F59C91 /* cpu_mmu_bridge.cpp */ = {isa = PBXFileReference; fileEncoding = 4; lastKnownFileType = sourcecode.cpp.cpp; name = cpu_mmu_bridge.cpp; path = "../../../src/E64-II/devices/cpu/cpu_mmu_bridge.cpp"; sourceTree = "<group>"; };
		468022FB2376E1FB00F59C91 /* debug_command_E64_II.cpp */ = {isa = PBXFileReference; fileEncoding = 4; lastKnownFileType = sourcecode.cpp.cpp; name = debug_command_E64_II.cpp; path = "../../../src/E64-II/debugger/debug_command_E64_II.cpp"; sourceTree = "<group>"; };
		468022FC2376E1FB00F59C91 /* debug_command_E64_II.hpp */ = {isa = PBXFileReference; fileEncoding = 4; lastKnownFileType = sourcecode.cpp.h; name = debug_command_E64_II.hpp; path = "../../../src/E64-II/debugger/debug_command_E64_II.hpp"; sourceTree = "<group>"; };
		468022FD2376E1FB00F59C91 /* debug_status_bar_E64_II.cpp */ = {isa = PBXFileReference; fileEncoding = 4; lastKnownFileType = sourcecode.cpp.cpp; name = debug_status_bar_E64_II.cpp; path = "../../../src/E64-II/debugger/debug_status_bar_E64_II.cpp"; sourceTree = "<group>"; };
		468022FE2376E1FB00F59C91 /* debug_status_bar_E64_II.hpp */ = {isa = PBXFileReference; fileEncoding = 4; lastKnownFileType = sourcecode.cpp.h; name = debug_status_bar_E64_II.hpp; path = "../../../src/E64-II/debugger/debug_status_bar_E64_II.hpp"; sourceTree = "<group>"; };
		469BDFF3231D9FEC00868BBE /* SDL2.framework */ = {isa = PBXFileReference; lastKnownFileType = wrapper.framework; name = SDL2.framework; path = ../../../../../../Library/Frameworks/SDL2.framework; sourceTree = "<group>"; };
		469DBF32237D90D8005DAD03 /* kernel.cpp */ = {isa = PBXFileReference; fileEncoding = 4; lastKnownFileType = sourcecode.cpp.cpp; name = kernel.cpp; path = "../../../src/E64-II/devices/rom/kernel/kernel.cpp"; sourceTree = "<group>"; };
		469EBBE7234FB36B00028136 /* E64-II.app */ = {isa = PBXFileReference; explicitFileType = wrapper.application; includeInIndex = 0; path = "E64-II.app"; sourceTree = BUILT_PRODUCTS_DIR; };
		469EBBE8234FB36B00028136 /* E64 copy2-Info.plist */ = {isa = PBXFileReference; lastKnownFileType = text.plist.xml; name = "E64 copy2-Info.plist"; path = "/Users/elmer/Desktop/E64/macOS/E64/E64 copy2-Info.plist"; sourceTree = "<absolute>"; };
		46A1F878231D7218003982FA /* E64.app */ = {isa = PBXFileReference; explicitFileType = wrapper.application; includeInIndex = 0; path = E64.app; sourceTree = BUILT_PRODUCTS_DIR; };
		46A1F87D231D721A003982FA /* Assets.xcassets */ = {isa = PBXFileReference; lastKnownFileType = folder.assetcatalog; path = Assets.xcassets; sourceTree = "<group>"; };
		46A1F882231D721A003982FA /* Info.plist */ = {isa = PBXFileReference; lastKnownFileType = text.plist.xml; path = Info.plist; sourceTree = "<group>"; };
		46AB7605236DA7DC00AF2F14 /* cpu_m68k.hpp */ = {isa = PBXFileReference; fileEncoding = 4; lastKnownFileType = sourcecode.cpp.h; name = cpu_m68k.hpp; path = "../../../src/E64-II/devices/cpu/cpu_m68k.hpp"; sourceTree = "<group>"; };
		46AB7606236DA7DC00AF2F14 /* cpu_m68k.cpp */ = {isa = PBXFileReference; fileEncoding = 4; lastKnownFileType = sourcecode.cpp.cpp; name = cpu_m68k.cpp; path = "../../../src/E64-II/devices/cpu/cpu_m68k.cpp"; sourceTree = "<group>"; };
		46B7F6F2236F5A79006D4714 /* machine_E64_I.cpp */ = {isa = PBXFileReference; fileEncoding = 4; lastKnownFileType = sourcecode.cpp.cpp; name = machine_E64_I.cpp; path = "../../../src/E64-I/machine_E64_I.cpp"; sourceTree = "<group>"; };
		46B7F6F3236F5A79006D4714 /* machine_E64_I.hpp */ = {isa = PBXFileReference; fileEncoding = 4; lastKnownFileType = sourcecode.cpp.h; name = machine_E64_I.hpp; path = "../../../src/E64-I/machine_E64_I.hpp"; sourceTree = "<group>"; };
		46C069E823699BA600B1DCB4 /* patched_char_rom.cpp */ = {isa = PBXFileReference; fileEncoding = 4; lastKnownFileType = sourcecode.cpp.cpp; name = patched_char_rom.cpp; path = ../../../src/shared/devices/char_rom/patched_char_rom.cpp; sourceTree = "<group>"; };
		46C17B5623761518008DBF9E /* mmu_E64_II.cpp */ = {isa = PBXFileReference; fileEncoding = 4; lastKnownFileType = sourcecode.cpp.cpp; name = mmu_E64_II.cpp; path = "../../../src/E64-II/devices/mmu/mmu_E64_II.cpp"; sourceTree = "<group>"; };
		46C17B5723761518008DBF9E /* mmu_E64_II.hpp */ = {isa = PBXFileReference; fileEncoding = 4; lastKnownFileType = sourcecode.cpp.h; name = mmu_E64_II.hpp; path = "../../../src/E64-II/devices/mmu/mmu_E64_II.hpp"; sourceTree = "<group>"; };
		46CE15882374B15D00369A13 /* debug_screen.cpp */ = {isa = PBXFileReference; fileEncoding = 4; lastKnownFileType = sourcecode.cpp.cpp; name = debug_screen.cpp; path = ../../../src/shared/debugger/debug_screen.cpp; sourceTree = "<group>"; };
		46CE15892374B15D00369A13 /* debug_console.cpp */ = {isa = PBXFileReference; fileEncoding = 4; lastKnownFileType = sourcecode.cpp.cpp; name = debug_console.cpp; path = ../../../src/shared/debugger/debug_console.cpp; sourceTree = "<group>"; };
		46CE158A2374B15D00369A13 /* debug_console.hpp */ = {isa = PBXFileReference; fileEncoding = 4; lastKnownFileType = sourcecode.cpp.h; name = debug_console.hpp; path = ../../../src/shared/debugger/debug_console.hpp; sourceTree = "<group>"; };
		46CE158B2374B15D00369A13 /* debug_screen.hpp */ = {isa = PBXFileReference; fileEncoding = 4; lastKnownFileType = sourcecode.cpp.h; name = debug_screen.hpp; path = ../../../src/shared/debugger/debug_screen.hpp; sourceTree = "<group>"; };
		46CE15902374B17E00369A13 /* debug_command_E64_I.cpp */ = {isa = PBXFileReference; fileEncoding = 4; lastKnownFileType = sourcecode.cpp.cpp; name = debug_command_E64_I.cpp; path = "../../../src/E64-I/debugger/debug_command_E64_I.cpp"; sourceTree = "<group>"; };
		46CE15912374B17E00369A13 /* debug_status_bar_E64_I.hpp */ = {isa = PBXFileReference; fileEncoding = 4; lastKnownFileType = sourcecode.cpp.h; name = debug_status_bar_E64_I.hpp; path = "../../../src/E64-I/debugger/debug_status_bar_E64_I.hpp"; sourceTree = "<group>"; };
		46CE15922374B17E00369A13 /* debug_status_bar_E64_I.cpp */ = {isa = PBXFileReference; fileEncoding = 4; lastKnownFileType = sourcecode.cpp.cpp; name = debug_status_bar_E64_I.cpp; path = "../../../src/E64-I/debugger/debug_status_bar_E64_I.cpp"; sourceTree = "<group>"; };
		46CE15932374B17E00369A13 /* debug_command_E64_I.hpp */ = {isa = PBXFileReference; fileEncoding = 4; lastKnownFileType = sourcecode.cpp.h; name = debug_command_E64_I.hpp; path = "../../../src/E64-I/debugger/debug_command_E64_I.hpp"; sourceTree = "<group>"; };
		46D0E6AF23663B8100F32578 /* main.cpp */ = {isa = PBXFileReference; fileEncoding = 4; lastKnownFileType = sourcecode.cpp.cpp; name = main.cpp; path = "../../../src/E64-I/main.cpp"; sourceTree = "<group>"; };
		46D0E6B123663BC000F32578 /* main.cpp */ = {isa = PBXFileReference; fileEncoding = 4; lastKnownFileType = sourcecode.cpp.cpp; name = main.cpp; path = "../../../src/E64-II/main.cpp"; sourceTree = "<group>"; };
		46F5DE3A234A2BAA0053A401 /* E64 copy-Info.plist */ = {isa = PBXFileReference; lastKnownFileType = text.plist.xml; name = "E64 copy-Info.plist"; path = "/Users/elmer/Desktop/E64/macOS/E64/E64 copy-Info.plist"; sourceTree = "<absolute>"; };
/* End PBXFileReference section */

/* Begin PBXFrameworksBuildPhase section */
		469EBBDF234FB36B00028136 /* Frameworks */ = {
			isa = PBXFrameworksBuildPhase;
			buildActionMask = 2147483647;
			files = (
				469EBBE0234FB36B00028136 /* SDL2.framework in Frameworks */,
			);
			runOnlyForDeploymentPostprocessing = 0;
		};
		46A1F875231D7218003982FA /* Frameworks */ = {
			isa = PBXFrameworksBuildPhase;
			buildActionMask = 2147483647;
			files = (
				469BDFF5231DA03400868BBE /* SDL2.framework in Frameworks */,
			);
			runOnlyForDeploymentPostprocessing = 0;
		};
/* End PBXFrameworksBuildPhase section */

/* Begin PBXGroup section */
		46050A4D236983320073A85F /* rom */ = {
			isa = PBXGroup;
			children = (
				46050A4E236983450073A85F /* kernel */,
			);
			name = rom;
			sourceTree = "<group>";
		};
		46050A4E236983450073A85F /* kernel */ = {
			isa = PBXGroup;
			children = (
				46050A4F2369837B0073A85F /* kernel.cpp */,
			);
			name = kernel;
			sourceTree = "<group>";
		};
		46130D7623814A0C00FAE3F4 /* TTL74LS148 */ = {
			isa = PBXGroup;
			children = (
				46130D7823814A9100FAE3F4 /* TTL74LS148.hpp */,
				46130D7723814A9100FAE3F4 /* TTL74LS148.cpp */,
			);
			name = TTL74LS148;
			sourceTree = "<group>";
		};
		46241AA12324412200569490 /* debugger */ = {
			isa = PBXGroup;
			children = (
				46CE158A2374B15D00369A13 /* debug_console.hpp */,
				46CE15892374B15D00369A13 /* debug_console.cpp */,
				46CE158B2374B15D00369A13 /* debug_screen.hpp */,
				46CE15882374B15D00369A13 /* debug_screen.cpp */,
			);
			name = debugger;
			sourceTree = "<group>";
		};
		46241AAE232441E000569490 /* devices */ = {
			isa = PBXGroup;
			children = (
				46241AB82324423400569490 /* char_rom */,
				462600B72337FAFB00A4ED6D /* cia */,
				46241ACD232442B900569490 /* sound */,
				462600B82337FB2100A4ED6D /* timer */,
				46241ACE232442BF00569490 /* vicv */,
			);
			name = devices;
			sourceTree = "<group>";
		};
		46241AB12324420500569490 /* sdl2 */ = {
			isa = PBXGroup;
			children = (
				46050A99236984270073A85F /* sdl2.hpp */,
				46050A97236984270073A85F /* sdl2.cpp */,
			);
			name = sdl2;
			sourceTree = "<group>";
		};
		46241AB82324423400569490 /* char_rom */ = {
			isa = PBXGroup;
			children = (
				46C069E823699BA600B1DCB4 /* patched_char_rom.cpp */,
			);
			name = char_rom;
			sourceTree = "<group>";
		};
		46241ACD232442B900569490 /* sound */ = {
			isa = PBXGroup;
			children = (
				46241ACF2324430100569490 /* resid */,
				46050A8B236983CD0073A85F /* sound.hpp */,
				46050A8A236983CD0073A85F /* sound.cpp */,
			);
			name = sound;
			sourceTree = "<group>";
		};
		46241ACE232442BF00569490 /* vicv */ = {
			isa = PBXGroup;
			children = (
				46050A93236984060073A85F /* vicv.cpp */,
				46050A92236984060073A85F /* vicv.hpp */,
			);
			name = vicv;
			sourceTree = "<group>";
		};
		46241ACF2324430100569490 /* resid */ = {
			isa = PBXGroup;
			children = (
				46050A5C236983B30073A85F /* envelope.cc */,
				46050A53236983B30073A85F /* envelope.h */,
				46050A5E236983B30073A85F /* extfilt.cc */,
				46050A60236983B40073A85F /* extfilt.h */,
				46050A56236983B30073A85F /* filter.cc */,
				46050A65236983B40073A85F /* filter.h */,
				46050A66236983B40073A85F /* pot.cc */,
				46050A51236983B30073A85F /* pot.h */,
				46050A67236983B40073A85F /* sid.cc */,
				46050A5D236983B30073A85F /* sid.h */,
				46050A59236983B30073A85F /* siddefs.h */,
				46050A68236983B40073A85F /* spline.h */,
				46050A69236983B40073A85F /* version.cc */,
				46050A54236983B30073A85F /* voice.cc */,
				46050A62236983B40073A85F /* voice.h */,
				46050A57236983B30073A85F /* wave.cc */,
				46050A61236983B40073A85F /* wave.h */,
				46050A63236983B40073A85F /* wave6581__ST.cc */,
				46050A58236983B30073A85F /* wave6581_P_T.cc */,
				46050A5B236983B30073A85F /* wave6581_PS_.cc */,
				46050A55236983B30073A85F /* wave6581_PST.cc */,
				46050A5F236983B30073A85F /* wave8580__ST.cc */,
				46050A64236983B40073A85F /* wave8580_P_T.cc */,
				46050A52236983B30073A85F /* wave8580_PS_.cc */,
				46050A5A236983B30073A85F /* wave8580_PST.cc */,
			);
			name = resid;
			sourceTree = "<group>";
		};
		462600B72337FAFB00A4ED6D /* cia */ = {
			isa = PBXGroup;
			children = (
				46050A472369822B0073A85F /* cia.hpp */,
				46050A462369822B0073A85F /* cia.cpp */,
			);
			name = cia;
			sourceTree = "<group>";
		};
		462600B82337FB2100A4ED6D /* timer */ = {
			isa = PBXGroup;
			children = (
				46050A8F236983E80073A85F /* timer.hpp */,
				46050A8E236983E80073A85F /* timer.cpp */,
			);
			name = timer;
			sourceTree = "<group>";
		};
		46723D3E2365E46D007ADDC2 /* Musashi */ = {
			isa = PBXGroup;
			children = (
				46513B7323C91D4200B6E8D4 /* m68k.h */,
				46513B7523C91D4300B6E8D4 /* m68kconf.h */,
				46513B6D23C91D4200B6E8D4 /* m68kcpu.c */,
				46513B7223C91D4200B6E8D4 /* m68kcpu.h */,
				46513B7023C91D4200B6E8D4 /* m68kdasm.c */,
				46513B7123C91D4200B6E8D4 /* m68kopac.c */,
				46513B7623C91D4300B6E8D4 /* m68kopdm.c */,
				46513B6E23C91D4200B6E8D4 /* m68kopnz.c */,
				46513B6F23C91D4200B6E8D4 /* m68kops.c */,
				46513B7423C91D4200B6E8D4 /* m68kops.h */,
			);
			name = Musashi;
			sourceTree = "<group>";
		};
		46723D3F2365E66B007ADDC2 /* mmu */ = {
			isa = PBXGroup;
			children = (
				46C17B5723761518008DBF9E /* mmu_E64_II.hpp */,
				46C17B5623761518008DBF9E /* mmu_E64_II.cpp */,
			);
			name = mmu;
			sourceTree = "<group>";
		};
		468022FA2376DF5600F59C91 /* debugger */ = {
			isa = PBXGroup;
			children = (
				468022FC2376E1FB00F59C91 /* debug_command_E64_II.hpp */,
				468022FB2376E1FB00F59C91 /* debug_command_E64_II.cpp */,
				468022FE2376E1FB00F59C91 /* debug_status_bar_E64_II.hpp */,
				468022FD2376E1FB00F59C91 /* debug_status_bar_E64_II.cpp */,
			);
			name = debugger;
			sourceTree = "<group>";
		};
		469DBF30237D909C005DAD03 /* rom */ = {
			isa = PBXGroup;
			children = (
				469DBF31237D90B6005DAD03 /* kernel */,
			);
			name = rom;
			sourceTree = "<group>";
		};
		469DBF31237D90B6005DAD03 /* kernel */ = {
			isa = PBXGroup;
			children = (
				469DBF32237D90D8005DAD03 /* kernel.cpp */,
			);
			name = kernel;
			sourceTree = "<group>";
		};
		469EBBB4234FB2F800028136 /* E64_I */ = {
			isa = PBXGroup;
			children = (
				46CE15872374B0A800369A13 /* debugger */,
				469EBBB6234FB32D00028136 /* devices */,
				46D0E6AF23663B8100F32578 /* main.cpp */,
				46B7F6F3236F5A79006D4714 /* machine_E64_I.hpp */,
				46B7F6F2236F5A79006D4714 /* machine_E64_I.cpp */,
			);
			name = E64_I;
			sourceTree = "<group>";
		};
		469EBBB5234FB31200028136 /* E64_II */ = {
			isa = PBXGroup;
			children = (
				468022FA2376DF5600F59C91 /* debugger */,
				469EBBB7234FB33700028136 /* devices */,
				46D0E6B123663BC000F32578 /* main.cpp */,
				466646AA237219D9008885D2 /* machine_E64_II.hpp */,
				466646A9237219D9008885D2 /* machine_E64_II.cpp */,
			);
			name = E64_II;
			sourceTree = "<group>";
		};
		469EBBB6234FB32D00028136 /* devices */ = {
			isa = PBXGroup;
			children = (
				46ED0026234FBCBD00B43B56 /* cpu */,
				46ED0029234FBE8C00B43B56 /* mmu */,
				46050A4D236983320073A85F /* rom */,
			);
			name = devices;
			sourceTree = "<group>";
		};
		469EBBB7234FB33700028136 /* devices */ = {
			isa = PBXGroup;
			children = (
				46ED0027234FBD8E00B43B56 /* cpu */,
				46723D3F2365E66B007ADDC2 /* mmu */,
				469DBF30237D909C005DAD03 /* rom */,
				46130D7623814A0C00FAE3F4 /* TTL74LS148 */,
			);
			name = devices;
			sourceTree = "<group>";
		};
		46A1F86F231D7218003982FA = {
			isa = PBXGroup;
			children = (
				46A1F87A231D7218003982FA /* E64 */,
				46A1F879231D7218003982FA /* Products */,
				46A1F88C231D9AD6003982FA /* Frameworks */,
				46F5DE3A234A2BAA0053A401 /* E64 copy-Info.plist */,
				469EBBE8234FB36B00028136 /* E64 copy2-Info.plist */,
			);
			sourceTree = "<group>";
		};
		46A1F879231D7218003982FA /* Products */ = {
			isa = PBXGroup;
			children = (
				46A1F878231D7218003982FA /* E64.app */,
				469EBBE7234FB36B00028136 /* E64-II.app */,
			);
			name = Products;
			sourceTree = "<group>";
		};
		46A1F87A231D7218003982FA /* E64 */ = {
			isa = PBXGroup;
			children = (
				46A1F889231D742D003982FA /* shared */,
				469EBBB4234FB2F800028136 /* E64_I */,
				469EBBB5234FB31200028136 /* E64_II */,
				46A1F87D231D721A003982FA /* Assets.xcassets */,
				46A1F882231D721A003982FA /* Info.plist */,
				46241B11232444A000569490 /* log.txt */,
			);
			path = E64;
			sourceTree = "<group>";
		};
		46A1F889231D742D003982FA /* shared */ = {
			isa = PBXGroup;
			children = (
				46241AA12324412200569490 /* debugger */,
				46241AAE232441E000569490 /* devices */,
				46241AB12324420500569490 /* sdl2 */,
				46050A3D236981B40073A85F /* common_defs.hpp */,
				46050A3C236981B40073A85F /* common_defs.cpp */,
				46050A3B236981B40073A85F /* frequency_divider.hpp */,
				46050A3F236981B40073A85F /* frequency_divider.cpp */,
				46757FB1236EF6A1000F0110 /* pid_delay.hpp */,
				46757FB0236EF6A1000F0110 /* pid_delay.cpp */,
			);
			name = shared;
			sourceTree = "<group>";
		};
		46A1F88C231D9AD6003982FA /* Frameworks */ = {
			isa = PBXGroup;
			children = (
				469BDFF3231D9FEC00868BBE /* SDL2.framework */,
			);
			name = Frameworks;
			sourceTree = "<group>";
		};
		46CE15872374B0A800369A13 /* debugger */ = {
			isa = PBXGroup;
			children = (
				46CE15932374B17E00369A13 /* debug_command_E64_I.hpp */,
				46CE15902374B17E00369A13 /* debug_command_E64_I.cpp */,
				46CE15912374B17E00369A13 /* debug_status_bar_E64_I.hpp */,
				46CE15922374B17E00369A13 /* debug_status_bar_E64_I.cpp */,
			);
			name = debugger;
			sourceTree = "<group>";
		};
		46ED0026234FBCBD00B43B56 /* cpu */ = {
			isa = PBXGroup;
			children = (
				46ED0028234FBDF800B43B56 /* lib65ce02 */,
				4666C62E23760A6B00458CD7 /* cpu_mmu_bridge.cpp */,
				46723D3B2365E428007ADDC2 /* exception_collector.hpp */,
				46723D3C2365E428007ADDC2 /* exception_collector.cpp */,
			);
			name = cpu;
			sourceTree = "<group>";
		};
		46ED0027234FBD8E00B43B56 /* cpu */ = {
			isa = PBXGroup;
			children = (
				46723D3E2365E46D007ADDC2 /* Musashi */,
				46AB7605236DA7DC00AF2F14 /* cpu_m68k.hpp */,
				46AB7606236DA7DC00AF2F14 /* cpu_m68k.cpp */,
				468022F42376D46E00F59C91 /* cpu_mmu_bridge.cpp */,
			);
			name = cpu;
			sourceTree = "<group>";
		};
		46ED0028234FBDF800B43B56 /* lib65ce02 */ = {
			isa = PBXGroup;
			children = (
				46723D372365E3DB007ADDC2 /* csg65ce02_dasm.c */,
				46723D382365E3DB007ADDC2 /* csg65ce02_dasm.h */,
				46723D362365E3DB007ADDC2 /* csg65ce02.c */,
				46723D352365E3DB007ADDC2 /* csg65ce02.h */,
			);
			name = lib65ce02;
			sourceTree = "<group>";
		};
		46ED0029234FBE8C00B43B56 /* mmu */ = {
			isa = PBXGroup;
			children = (
				46723D322365E397007ADDC2 /* mmu_E64_I.hpp */,
				46723D312365E397007ADDC2 /* mmu_E64_I.cpp */,
				46723D302365E397007ADDC2 /* SN74LS612.hpp */,
				46723D2F2365E397007ADDC2 /* SN74LS612.cpp */,
			);
			name = mmu;
			sourceTree = "<group>";
		};
/* End PBXGroup section */

/* Begin PBXNativeTarget section */
		469EBBB8234FB36B00028136 /* E64-II */ = {
			isa = PBXNativeTarget;
			buildConfigurationList = 469EBBE4234FB36B00028136 /* Build configuration list for PBXNativeTarget "E64-II" */;
			buildPhases = (
				469EBBB9234FB36B00028136 /* Sources */,
				469EBBDF234FB36B00028136 /* Frameworks */,
				469EBBE1234FB36B00028136 /* Resources */,
			);
			buildRules = (
			);
			dependencies = (
			);
			name = "E64-II";
			productName = E64;
			productReference = 469EBBE7234FB36B00028136 /* E64-II.app */;
			productType = "com.apple.product-type.application";
		};
		46A1F877231D7218003982FA /* E64 */ = {
			isa = PBXNativeTarget;
			buildConfigurationList = 46A1F886231D721A003982FA /* Build configuration list for PBXNativeTarget "E64" */;
			buildPhases = (
				46A1F874231D7218003982FA /* Sources */,
				46A1F875231D7218003982FA /* Frameworks */,
				46A1F876231D7218003982FA /* Resources */,
			);
			buildRules = (
			);
			dependencies = (
			);
			name = E64;
			productName = E64;
			productReference = 46A1F878231D7218003982FA /* E64.app */;
			productType = "com.apple.product-type.application";
		};
/* End PBXNativeTarget section */

/* Begin PBXProject section */
		46A1F870231D7218003982FA /* Project object */ = {
			isa = PBXProject;
			attributes = {
				LastSwiftUpdateCheck = 1030;
				LastUpgradeCheck = 1100;
				ORGANIZATIONNAME = elmerucr;
				TargetAttributes = {
					46A1F877231D7218003982FA = {
						CreatedOnToolsVersion = 10.3;
					};
				};
			};
			buildConfigurationList = 46A1F873231D7218003982FA /* Build configuration list for PBXProject "E64" */;
			compatibilityVersion = "Xcode 9.3";
			developmentRegion = en;
			hasScannedForEncodings = 0;
			knownRegions = (
				en,
				Base,
			);
			mainGroup = 46A1F86F231D7218003982FA;
			productRefGroup = 46A1F879231D7218003982FA /* Products */;
			projectDirPath = "";
			projectRoot = "";
			targets = (
				46A1F877231D7218003982FA /* E64 */,
				469EBBB8234FB36B00028136 /* E64-II */,
			);
		};
/* End PBXProject section */

/* Begin PBXResourcesBuildPhase section */
		469EBBE1234FB36B00028136 /* Resources */ = {
			isa = PBXResourcesBuildPhase;
			buildActionMask = 2147483647;
			files = (
				469EBBE2234FB36B00028136 /* Assets.xcassets in Resources */,
				469EBBE3234FB36B00028136 /* SDL2.framework in Resources */,
			);
			runOnlyForDeploymentPostprocessing = 0;
		};
		46A1F876231D7218003982FA /* Resources */ = {
			isa = PBXResourcesBuildPhase;
			buildActionMask = 2147483647;
			files = (
				46A1F87E231D721A003982FA /* Assets.xcassets in Resources */,
				469BDFF4231D9FEC00868BBE /* SDL2.framework in Resources */,
			);
			runOnlyForDeploymentPostprocessing = 0;
		};
/* End PBXResourcesBuildPhase section */

/* Begin PBXSourcesBuildPhase section */
		469EBBB9234FB36B00028136 /* Sources */ = {
			isa = PBXSourcesBuildPhase;
			buildActionMask = 2147483647;
			files = (
				46050A6D236983B40073A85F /* voice.cc in Sources */,
				46050A71236983B40073A85F /* filter.cc in Sources */,
				46513B7723C91D4300B6E8D4 /* m68kcpu.c in Sources */,
				46050A85236983B40073A85F /* pot.cc in Sources */,
				46050A77236983B40073A85F /* wave8580_PST.cc in Sources */,
				46C17B5823761518008DBF9E /* mmu_E64_II.cpp in Sources */,
				46050A492369822B0073A85F /* cia.cpp in Sources */,
				46050A83236983B40073A85F /* wave8580_P_T.cc in Sources */,
				46CE158D2374B15D00369A13 /* debug_screen.cpp in Sources */,
				46050A7D236983B40073A85F /* extfilt.cc in Sources */,
				466646AB237219D9008885D2 /* machine_E64_II.cpp in Sources */,
				468022FF2376E1FB00F59C91 /* debug_command_E64_II.cpp in Sources */,
				46513B7823C91D4300B6E8D4 /* m68kopnz.c in Sources */,
				46513B7C23C91D4300B6E8D4 /* m68kopdm.c in Sources */,
				46513B7B23C91D4300B6E8D4 /* m68kopac.c in Sources */,
				46050A87236983B40073A85F /* sid.cc in Sources */,
				46050A81236983B40073A85F /* wave6581__ST.cc in Sources */,
				46050A89236983B40073A85F /* version.cc in Sources */,
				46D0E6B223663BC000F32578 /* main.cpp in Sources */,
				46050A8D236983CD0073A85F /* sound.cpp in Sources */,
				46CE158F2374B15D00369A13 /* debug_console.cpp in Sources */,
				46050A6F236983B40073A85F /* wave6581_PST.cc in Sources */,
				46050A95236984060073A85F /* vicv.cpp in Sources */,
				46050A7F236983B40073A85F /* wave8580__ST.cc in Sources */,
				46130D7923814A9100FAE3F4 /* TTL74LS148.cpp in Sources */,
				46AB7607236DA7DC00AF2F14 /* cpu_m68k.cpp in Sources */,
				46757FB3236EF6A1000F0110 /* pid_delay.cpp in Sources */,
				46050A6B236983B40073A85F /* wave8580_PS_.cc in Sources */,
				46050A9D236984270073A85F /* sdl2.cpp in Sources */,
				46050A91236983E80073A85F /* timer.cpp in Sources */,
				46050A41236981B40073A85F /* common_defs.cpp in Sources */,
				468023002376E1FB00F59C91 /* debug_status_bar_E64_II.cpp in Sources */,
				46050A45236981B40073A85F /* frequency_divider.cpp in Sources */,
				46513B7923C91D4300B6E8D4 /* m68kops.c in Sources */,
				46050A79236983B40073A85F /* wave6581_PS_.cc in Sources */,
				468022F92376DB8E00F59C91 /* patched_char_rom.cpp in Sources */,
				46050A73236983B40073A85F /* wave.cc in Sources */,
				46050A7B236983B40073A85F /* envelope.cc in Sources */,
				469DBF33237D90D8005DAD03 /* kernel.cpp in Sources */,
				468022F52376D46E00F59C91 /* cpu_mmu_bridge.cpp in Sources */,
				46513B7A23C91D4300B6E8D4 /* m68kdasm.c in Sources */,
				46050A75236983B40073A85F /* wave6581_P_T.cc in Sources */,
			);
			runOnlyForDeploymentPostprocessing = 0;
		};
		46A1F874231D7218003982FA /* Sources */ = {
			isa = PBXSourcesBuildPhase;
			buildActionMask = 2147483647;
			files = (
				46050A502369837B0073A85F /* kernel.cpp in Sources */,
				46050A82236983B40073A85F /* wave8580_P_T.cc in Sources */,
				46723D3D2365E428007ADDC2 /* exception_collector.cpp in Sources */,
				46D0E6B023663B8100F32578 /* main.cpp in Sources */,
				46723D332365E397007ADDC2 /* SN74LS612.cpp in Sources */,
				46050A8C236983CD0073A85F /* sound.cpp in Sources */,
				46050A70236983B40073A85F /* filter.cc in Sources */,
				46723D342365E397007ADDC2 /* mmu_E64_I.cpp in Sources */,
				46050A7A236983B40073A85F /* envelope.cc in Sources */,
				4666C62F23760A6B00458CD7 /* cpu_mmu_bridge.cpp in Sources */,
				46050A40236981B40073A85F /* common_defs.cpp in Sources */,
				46050A74236983B40073A85F /* wave6581_P_T.cc in Sources */,
				46CE15942374B17E00369A13 /* debug_command_E64_I.cpp in Sources */,
				46723D3A2365E3DB007ADDC2 /* csg65ce02_dasm.c in Sources */,
				46050A7C236983B40073A85F /* extfilt.cc in Sources */,
				46050A76236983B40073A85F /* wave8580_PST.cc in Sources */,
				46050A7E236983B40073A85F /* wave8580__ST.cc in Sources */,
				46050A90236983E80073A85F /* timer.cpp in Sources */,
				46050A84236983B40073A85F /* pot.cc in Sources */,
				46050A6A236983B40073A85F /* wave8580_PS_.cc in Sources */,
				46B7F6F4236F5A79006D4714 /* machine_E64_I.cpp in Sources */,
				46050A9C236984270073A85F /* sdl2.cpp in Sources */,
				46757FB2236EF6A1000F0110 /* pid_delay.cpp in Sources */,
				46050A6E236983B40073A85F /* wave6581_PST.cc in Sources */,
				46050A482369822B0073A85F /* cia.cpp in Sources */,
				46050A94236984060073A85F /* vicv.cpp in Sources */,
				46050A6C236983B40073A85F /* voice.cc in Sources */,
				46CE158C2374B15D00369A13 /* debug_screen.cpp in Sources */,
				46050A78236983B40073A85F /* wave6581_PS_.cc in Sources */,
				46723D392365E3DB007ADDC2 /* csg65ce02.c in Sources */,
				46CE158E2374B15D00369A13 /* debug_console.cpp in Sources */,
				46050A44236981B40073A85F /* frequency_divider.cpp in Sources */,
				46CE15952374B17E00369A13 /* debug_status_bar_E64_I.cpp in Sources */,
				46050A72236983B40073A85F /* wave.cc in Sources */,
				46C069E923699BA600B1DCB4 /* patched_char_rom.cpp in Sources */,
				46050A88236983B40073A85F /* version.cc in Sources */,
				46050A80236983B40073A85F /* wave6581__ST.cc in Sources */,
				46050A86236983B40073A85F /* sid.cc in Sources */,
			);
			runOnlyForDeploymentPostprocessing = 0;
		};
/* End PBXSourcesBuildPhase section */

/* Begin XCBuildConfiguration section */
		469EBBE5234FB36B00028136 /* Debug */ = {
			isa = XCBuildConfiguration;
			buildSettings = {
				ASSETCATALOG_COMPILER_APPICON_NAME = AppIcon_II;
				CODE_SIGN_ENTITLEMENTS = E64/E64.entitlements;
				CODE_SIGN_IDENTITY = "-";
				CODE_SIGN_STYLE = Automatic;
				COMBINE_HIDPI_IMAGES = YES;
				DEVELOPMENT_TEAM = HT34RQMQU3;
				FRAMEWORK_SEARCH_PATHS = (
					"$(inherited)",
					"$(LOCAL_LIBRARY_DIR)/Frameworks",
				);
				GCC_PREPROCESSOR_DEFINITIONS = (
					"DEBUG=1",
					"E64_II=1",
				);
				INFOPLIST_FILE = "E64 copy2-Info.plist";
				LD_RUNPATH_SEARCH_PATHS = (
					"$(inherited)",
					"@executable_path/../Frameworks",
				);
				PRODUCT_BUNDLE_IDENTIFIER = elmerucr.E64;
				PRODUCT_NAME = "$(TARGET_NAME)";
				SWIFT_VERSION = 5.0;
			};
			name = Debug;
		};
		469EBBE6234FB36B00028136 /* Release */ = {
			isa = XCBuildConfiguration;
			buildSettings = {
				ASSETCATALOG_COMPILER_APPICON_NAME = AppIcon_II;
				CODE_SIGN_ENTITLEMENTS = E64/E64.entitlements;
				CODE_SIGN_IDENTITY = "-";
				CODE_SIGN_STYLE = Automatic;
				COMBINE_HIDPI_IMAGES = YES;
				DEVELOPMENT_TEAM = HT34RQMQU3;
				FRAMEWORK_SEARCH_PATHS = (
					"$(inherited)",
					"$(LOCAL_LIBRARY_DIR)/Frameworks",
				);
				GCC_PREPROCESSOR_DEFINITIONS = "E64_II=1";
				INFOPLIST_FILE = "E64 copy2-Info.plist";
				LD_RUNPATH_SEARCH_PATHS = (
					"$(inherited)",
					"@executable_path/../Frameworks",
				);
				PRODUCT_BUNDLE_IDENTIFIER = elmerucr.E64;
				PRODUCT_NAME = "$(TARGET_NAME)";
				SWIFT_VERSION = 5.0;
			};
			name = Release;
		};
		46A1F884231D721A003982FA /* Debug */ = {
			isa = XCBuildConfiguration;
			buildSettings = {
				ALWAYS_SEARCH_USER_PATHS = NO;
				CLANG_ANALYZER_NONNULL = YES;
				CLANG_ANALYZER_NUMBER_OBJECT_CONVERSION = YES_AGGRESSIVE;
				CLANG_CXX_LANGUAGE_STANDARD = "gnu++14";
				CLANG_CXX_LIBRARY = "libc++";
				CLANG_ENABLE_MODULES = YES;
				CLANG_ENABLE_OBJC_ARC = YES;
				CLANG_ENABLE_OBJC_WEAK = YES;
				CLANG_WARN_BLOCK_CAPTURE_AUTORELEASING = YES;
				CLANG_WARN_BOOL_CONVERSION = YES;
				CLANG_WARN_COMMA = YES;
				CLANG_WARN_CONSTANT_CONVERSION = YES;
				CLANG_WARN_DEPRECATED_OBJC_IMPLEMENTATIONS = YES;
				CLANG_WARN_DIRECT_OBJC_ISA_USAGE = YES_ERROR;
				CLANG_WARN_DOCUMENTATION_COMMENTS = YES;
				CLANG_WARN_EMPTY_BODY = YES;
				CLANG_WARN_ENUM_CONVERSION = YES;
				CLANG_WARN_INFINITE_RECURSION = YES;
				CLANG_WARN_INT_CONVERSION = YES;
				CLANG_WARN_NON_LITERAL_NULL_CONVERSION = YES;
				CLANG_WARN_OBJC_IMPLICIT_RETAIN_SELF = YES;
				CLANG_WARN_OBJC_LITERAL_CONVERSION = YES;
				CLANG_WARN_OBJC_ROOT_CLASS = YES_ERROR;
				CLANG_WARN_RANGE_LOOP_ANALYSIS = YES;
				CLANG_WARN_STRICT_PROTOTYPES = YES;
				CLANG_WARN_SUSPICIOUS_MOVE = YES;
				CLANG_WARN_UNGUARDED_AVAILABILITY = YES_AGGRESSIVE;
				CLANG_WARN_UNREACHABLE_CODE = YES;
				CLANG_WARN__DUPLICATE_METHOD_MATCH = YES;
				CODE_SIGN_IDENTITY = "-";
				COPY_PHASE_STRIP = NO;
				DEBUG_INFORMATION_FORMAT = dwarf;
				ENABLE_STRICT_OBJC_MSGSEND = YES;
				ENABLE_TESTABILITY = YES;
				GCC_C_LANGUAGE_STANDARD = gnu11;
				GCC_DYNAMIC_NO_PIC = NO;
				GCC_NO_COMMON_BLOCKS = YES;
				GCC_OPTIMIZATION_LEVEL = 0;
				GCC_PREPROCESSOR_DEFINITIONS = (
					"DEBUG=1",
					"$(inherited)",
				);
				GCC_WARN_64_TO_32_BIT_CONVERSION = YES;
				GCC_WARN_ABOUT_RETURN_TYPE = YES_ERROR;
				GCC_WARN_UNDECLARED_SELECTOR = YES;
				GCC_WARN_UNINITIALIZED_AUTOS = YES_AGGRESSIVE;
				GCC_WARN_UNUSED_FUNCTION = YES;
				GCC_WARN_UNUSED_VARIABLE = YES;
				MACOSX_DEPLOYMENT_TARGET = 10.14;
				MTL_ENABLE_DEBUG_INFO = INCLUDE_SOURCE;
				MTL_FAST_MATH = YES;
				ONLY_ACTIVE_ARCH = YES;
				SDKROOT = macosx;
				SWIFT_ACTIVE_COMPILATION_CONDITIONS = DEBUG;
				SWIFT_OPTIMIZATION_LEVEL = "-Onone";
			};
			name = Debug;
		};
		46A1F885231D721A003982FA /* Release */ = {
			isa = XCBuildConfiguration;
			buildSettings = {
				ALWAYS_SEARCH_USER_PATHS = NO;
				CLANG_ANALYZER_NONNULL = YES;
				CLANG_ANALYZER_NUMBER_OBJECT_CONVERSION = YES_AGGRESSIVE;
				CLANG_CXX_LANGUAGE_STANDARD = "gnu++14";
				CLANG_CXX_LIBRARY = "libc++";
				CLANG_ENABLE_MODULES = YES;
				CLANG_ENABLE_OBJC_ARC = YES;
				CLANG_ENABLE_OBJC_WEAK = YES;
				CLANG_WARN_BLOCK_CAPTURE_AUTORELEASING = YES;
				CLANG_WARN_BOOL_CONVERSION = YES;
				CLANG_WARN_COMMA = YES;
				CLANG_WARN_CONSTANT_CONVERSION = YES;
				CLANG_WARN_DEPRECATED_OBJC_IMPLEMENTATIONS = YES;
				CLANG_WARN_DIRECT_OBJC_ISA_USAGE = YES_ERROR;
				CLANG_WARN_DOCUMENTATION_COMMENTS = YES;
				CLANG_WARN_EMPTY_BODY = YES;
				CLANG_WARN_ENUM_CONVERSION = YES;
				CLANG_WARN_INFINITE_RECURSION = YES;
				CLANG_WARN_INT_CONVERSION = YES;
				CLANG_WARN_NON_LITERAL_NULL_CONVERSION = YES;
				CLANG_WARN_OBJC_IMPLICIT_RETAIN_SELF = YES;
				CLANG_WARN_OBJC_LITERAL_CONVERSION = YES;
				CLANG_WARN_OBJC_ROOT_CLASS = YES_ERROR;
				CLANG_WARN_RANGE_LOOP_ANALYSIS = YES;
				CLANG_WARN_STRICT_PROTOTYPES = YES;
				CLANG_WARN_SUSPICIOUS_MOVE = YES;
				CLANG_WARN_UNGUARDED_AVAILABILITY = YES_AGGRESSIVE;
				CLANG_WARN_UNREACHABLE_CODE = YES;
				CLANG_WARN__DUPLICATE_METHOD_MATCH = YES;
				CODE_SIGN_IDENTITY = "-";
				COPY_PHASE_STRIP = NO;
				DEBUG_INFORMATION_FORMAT = "dwarf-with-dsym";
				ENABLE_NS_ASSERTIONS = NO;
				ENABLE_STRICT_OBJC_MSGSEND = YES;
				GCC_C_LANGUAGE_STANDARD = gnu11;
				GCC_NO_COMMON_BLOCKS = YES;
				GCC_WARN_64_TO_32_BIT_CONVERSION = YES;
				GCC_WARN_ABOUT_RETURN_TYPE = YES_ERROR;
				GCC_WARN_UNDECLARED_SELECTOR = YES;
				GCC_WARN_UNINITIALIZED_AUTOS = YES_AGGRESSIVE;
				GCC_WARN_UNUSED_FUNCTION = YES;
				GCC_WARN_UNUSED_VARIABLE = YES;
				MACOSX_DEPLOYMENT_TARGET = 10.14;
				MTL_ENABLE_DEBUG_INFO = NO;
				MTL_FAST_MATH = YES;
				SDKROOT = macosx;
				SWIFT_COMPILATION_MODE = wholemodule;
				SWIFT_OPTIMIZATION_LEVEL = "-O";
			};
			name = Release;
		};
		46A1F887231D721A003982FA /* Debug */ = {
			isa = XCBuildConfiguration;
			buildSettings = {
				ASSETCATALOG_COMPILER_APPICON_NAME = AppIcon_I;
				CODE_SIGN_ENTITLEMENTS = E64/E64.entitlements;
				CODE_SIGN_IDENTITY = "-";
				CODE_SIGN_STYLE = Automatic;
				COMBINE_HIDPI_IMAGES = YES;
				DEVELOPMENT_TEAM = HT34RQMQU3;
				FRAMEWORK_SEARCH_PATHS = (
					"$(inherited)",
					"$(LOCAL_LIBRARY_DIR)/Frameworks",
				);
				GCC_PREPROCESSOR_DEFINITIONS = (
					"DEBUG=1",
					"E64_I=1",
				);
				INFOPLIST_FILE = E64/Info.plist;
				LD_RUNPATH_SEARCH_PATHS = (
					"$(inherited)",
					"@executable_path/../Frameworks",
				);
				PRODUCT_BUNDLE_IDENTIFIER = elmerucr.E64;
				PRODUCT_NAME = "$(TARGET_NAME)";
				SWIFT_VERSION = 5.0;
			};
			name = Debug;
		};
		46A1F888231D721A003982FA /* Release */ = {
			isa = XCBuildConfiguration;
			buildSettings = {
				ASSETCATALOG_COMPILER_APPICON_NAME = AppIcon_I;
				CODE_SIGN_ENTITLEMENTS = E64/E64.entitlements;
				CODE_SIGN_IDENTITY = "-";
				CODE_SIGN_STYLE = Automatic;
				COMBINE_HIDPI_IMAGES = YES;
				DEVELOPMENT_TEAM = HT34RQMQU3;
				FRAMEWORK_SEARCH_PATHS = (
					"$(inherited)",
					"$(LOCAL_LIBRARY_DIR)/Frameworks",
				);
				GCC_PREPROCESSOR_DEFINITIONS = "E64_I=1";
				INFOPLIST_FILE = E64/Info.plist;
				LD_RUNPATH_SEARCH_PATHS = (
					"$(inherited)",
					"@executable_path/../Frameworks",
				);
				PRODUCT_BUNDLE_IDENTIFIER = elmerucr.E64;
				PRODUCT_NAME = "$(TARGET_NAME)";
				SWIFT_VERSION = 5.0;
			};
			name = Release;
		};
/* End XCBuildConfiguration section */

/* Begin XCConfigurationList section */
		469EBBE4234FB36B00028136 /* Build configuration list for PBXNativeTarget "E64-II" */ = {
			isa = XCConfigurationList;
			buildConfigurations = (
				469EBBE5234FB36B00028136 /* Debug */,
				469EBBE6234FB36B00028136 /* Release */,
			);
			defaultConfigurationIsVisible = 0;
			defaultConfigurationName = Release;
		};
		46A1F873231D7218003982FA /* Build configuration list for PBXProject "E64" */ = {
			isa = XCConfigurationList;
			buildConfigurations = (
				46A1F884231D721A003982FA /* Debug */,
				46A1F885231D721A003982FA /* Release */,
			);
			defaultConfigurationIsVisible = 0;
			defaultConfigurationName = Release;
		};
		46A1F886231D721A003982FA /* Build configuration list for PBXNativeTarget "E64" */ = {
			isa = XCConfigurationList;
			buildConfigurations = (
				46A1F887231D721A003982FA /* Debug */,
				46A1F888231D721A003982FA /* Release */,
			);
			defaultConfigurationIsVisible = 0;
			defaultConfigurationName = Release;
		};
/* End XCConfigurationList section */
	};
	rootObject = 46A1F870231D7218003982FA /* Project object */;
}
